// !$*UTF8*$!
{
	archiveVersion = 1;
	classes = {
	};
	objectVersion = 55;
	objects = {

/* Begin PBXBuildFile section */
		1859DE9327E0776600597F1E /* AppDelegate.swift in Sources */ = {isa = PBXBuildFile; fileRef = 1859DE9227E0776600597F1E /* AppDelegate.swift */; };
		1859DE9527E0776600597F1E /* SceneDelegate.swift in Sources */ = {isa = PBXBuildFile; fileRef = 1859DE9427E0776600597F1E /* SceneDelegate.swift */; };
		1859DE9727E0776600597F1E /* ViewController.swift in Sources */ = {isa = PBXBuildFile; fileRef = 1859DE9627E0776600597F1E /* ViewController.swift */; };
		1859DE9A27E0776600597F1E /* Main.storyboard in Resources */ = {isa = PBXBuildFile; fileRef = 1859DE9827E0776600597F1E /* Main.storyboard */; };
		1859DE9C27E0776C00597F1E /* Assets.xcassets in Resources */ = {isa = PBXBuildFile; fileRef = 1859DE9B27E0776C00597F1E /* Assets.xcassets */; };
		1859DE9F27E0776C00597F1E /* LaunchScreen.storyboard in Resources */ = {isa = PBXBuildFile; fileRef = 1859DE9D27E0776C00597F1E /* LaunchScreen.storyboard */; };
		1859DEAA27E0776D00597F1E /* MVVMTrainingAppTests.swift in Sources */ = {isa = PBXBuildFile; fileRef = 1859DEA927E0776D00597F1E /* MVVMTrainingAppTests.swift */; };
		1859DEB427E0776D00597F1E /* MVVMTrainingAppUITests.swift in Sources */ = {isa = PBXBuildFile; fileRef = 1859DEB327E0776D00597F1E /* MVVMTrainingAppUITests.swift */; };
		1859DEB627E0776D00597F1E /* MVVMTrainingAppUITestsLaunchTests.swift in Sources */ = {isa = PBXBuildFile; fileRef = 1859DEB527E0776D00597F1E /* MVVMTrainingAppUITestsLaunchTests.swift */; };
		1859DEC827E0852D00597F1E /* DataModel.swift in Sources */ = {isa = PBXBuildFile; fileRef = 1859DEC727E0852D00597F1E /* DataModel.swift */; };
		1859DECA27E0853C00597F1E /* DataLoader.swift in Sources */ = {isa = PBXBuildFile; fileRef = 1859DEC927E0853C00597F1E /* DataLoader.swift */; };
		4014DF77597954E4C59391E5 /* Pods_MVVMTrainingApp_MVVMTrainingAppUITests.framework in Frameworks */ = {isa = PBXBuildFile; fileRef = 4BE6056757DE90B4795A634F /* Pods_MVVMTrainingApp_MVVMTrainingAppUITests.framework */; };
		ACFA0CF381B56B59E3EE1A81 /* Pods_MVVMTrainingApp.framework in Frameworks */ = {isa = PBXBuildFile; fileRef = 3444253646FEFA2526AED647 /* Pods_MVVMTrainingApp.framework */; };
		CFD1363DFD1F57873A601460 /* Pods_MVVMTrainingAppTests.framework in Frameworks */ = {isa = PBXBuildFile; fileRef = 667025858FD874CE0FCB03D3 /* Pods_MVVMTrainingAppTests.framework */; };
/* End PBXBuildFile section */

/* Begin PBXContainerItemProxy section */
		1859DEA627E0776D00597F1E /* PBXContainerItemProxy */ = {
			isa = PBXContainerItemProxy;
			containerPortal = 1859DE8727E0776500597F1E /* Project object */;
			proxyType = 1;
			remoteGlobalIDString = 1859DE8E27E0776500597F1E;
			remoteInfo = MVVMTrainingApp;
		};
		1859DEB027E0776D00597F1E /* PBXContainerItemProxy */ = {
			isa = PBXContainerItemProxy;
			containerPortal = 1859DE8727E0776500597F1E /* Project object */;
			proxyType = 1;
			remoteGlobalIDString = 1859DE8E27E0776500597F1E;
			remoteInfo = MVVMTrainingApp;
		};
/* End PBXContainerItemProxy section */

/* Begin PBXFileReference section */
		089267C6ACBA5A44D1CD4D83 /* Pods-MVVMTrainingApp-MVVMTrainingAppUITests.debug.xcconfig */ = {isa = PBXFileReference; includeInIndex = 1; lastKnownFileType = text.xcconfig; name = "Pods-MVVMTrainingApp-MVVMTrainingAppUITests.debug.xcconfig"; path = "Target Support Files/Pods-MVVMTrainingApp-MVVMTrainingAppUITests/Pods-MVVMTrainingApp-MVVMTrainingAppUITests.debug.xcconfig"; sourceTree = "<group>"; };
		1859DE8F27E0776600597F1E /* MVVMTrainingApp.app */ = {isa = PBXFileReference; explicitFileType = wrapper.application; includeInIndex = 0; path = MVVMTrainingApp.app; sourceTree = BUILT_PRODUCTS_DIR; };
		1859DE9227E0776600597F1E /* AppDelegate.swift */ = {isa = PBXFileReference; lastKnownFileType = sourcecode.swift; path = AppDelegate.swift; sourceTree = "<group>"; };
		1859DE9427E0776600597F1E /* SceneDelegate.swift */ = {isa = PBXFileReference; lastKnownFileType = sourcecode.swift; path = SceneDelegate.swift; sourceTree = "<group>"; };
		1859DE9627E0776600597F1E /* ViewController.swift */ = {isa = PBXFileReference; lastKnownFileType = sourcecode.swift; path = ViewController.swift; sourceTree = "<group>"; };
		1859DE9927E0776600597F1E /* Base */ = {isa = PBXFileReference; lastKnownFileType = file.storyboard; name = Base; path = Base.lproj/Main.storyboard; sourceTree = "<group>"; };
		1859DE9B27E0776C00597F1E /* Assets.xcassets */ = {isa = PBXFileReference; lastKnownFileType = folder.assetcatalog; path = Assets.xcassets; sourceTree = "<group>"; };
		1859DE9E27E0776C00597F1E /* Base */ = {isa = PBXFileReference; lastKnownFileType = file.storyboard; name = Base; path = Base.lproj/LaunchScreen.storyboard; sourceTree = "<group>"; };
		1859DEA027E0776C00597F1E /* Info.plist */ = {isa = PBXFileReference; lastKnownFileType = text.plist.xml; path = Info.plist; sourceTree = "<group>"; };
		1859DEA527E0776D00597F1E /* MVVMTrainingAppTests.xctest */ = {isa = PBXFileReference; explicitFileType = wrapper.cfbundle; includeInIndex = 0; path = MVVMTrainingAppTests.xctest; sourceTree = BUILT_PRODUCTS_DIR; };
		1859DEA927E0776D00597F1E /* MVVMTrainingAppTests.swift */ = {isa = PBXFileReference; lastKnownFileType = sourcecode.swift; path = MVVMTrainingAppTests.swift; sourceTree = "<group>"; };
		1859DEAF27E0776D00597F1E /* MVVMTrainingAppUITests.xctest */ = {isa = PBXFileReference; explicitFileType = wrapper.cfbundle; includeInIndex = 0; path = MVVMTrainingAppUITests.xctest; sourceTree = BUILT_PRODUCTS_DIR; };
		1859DEB327E0776D00597F1E /* MVVMTrainingAppUITests.swift */ = {isa = PBXFileReference; lastKnownFileType = sourcecode.swift; path = MVVMTrainingAppUITests.swift; sourceTree = "<group>"; };
		1859DEB527E0776D00597F1E /* MVVMTrainingAppUITestsLaunchTests.swift */ = {isa = PBXFileReference; lastKnownFileType = sourcecode.swift; path = MVVMTrainingAppUITestsLaunchTests.swift; sourceTree = "<group>"; };
		1859DEC727E0852D00597F1E /* DataModel.swift */ = {isa = PBXFileReference; lastKnownFileType = sourcecode.swift; path = DataModel.swift; sourceTree = "<group>"; };
		1859DEC927E0853C00597F1E /* DataLoader.swift */ = {isa = PBXFileReference; lastKnownFileType = sourcecode.swift; path = DataLoader.swift; sourceTree = "<group>"; };
		3444253646FEFA2526AED647 /* Pods_MVVMTrainingApp.framework */ = {isa = PBXFileReference; explicitFileType = wrapper.framework; includeInIndex = 0; path = Pods_MVVMTrainingApp.framework; sourceTree = BUILT_PRODUCTS_DIR; };
		4BE6056757DE90B4795A634F /* Pods_MVVMTrainingApp_MVVMTrainingAppUITests.framework */ = {isa = PBXFileReference; explicitFileType = wrapper.framework; includeInIndex = 0; path = Pods_MVVMTrainingApp_MVVMTrainingAppUITests.framework; sourceTree = BUILT_PRODUCTS_DIR; };
		5352D24176431DEC2CCD1B38 /* Pods-MVVMTrainingApp.debug.xcconfig */ = {isa = PBXFileReference; includeInIndex = 1; lastKnownFileType = text.xcconfig; name = "Pods-MVVMTrainingApp.debug.xcconfig"; path = "Target Support Files/Pods-MVVMTrainingApp/Pods-MVVMTrainingApp.debug.xcconfig"; sourceTree = "<group>"; };
		667025858FD874CE0FCB03D3 /* Pods_MVVMTrainingAppTests.framework */ = {isa = PBXFileReference; explicitFileType = wrapper.framework; includeInIndex = 0; path = Pods_MVVMTrainingAppTests.framework; sourceTree = BUILT_PRODUCTS_DIR; };
		6A51A2371272AA84AE2CC3C6 /* Pods-MVVMTrainingAppTests.debug.xcconfig */ = {isa = PBXFileReference; includeInIndex = 1; lastKnownFileType = text.xcconfig; name = "Pods-MVVMTrainingAppTests.debug.xcconfig"; path = "Target Support Files/Pods-MVVMTrainingAppTests/Pods-MVVMTrainingAppTests.debug.xcconfig"; sourceTree = "<group>"; };
		7CAE371F33E24FEEBC07E1D3 /* Pods-MVVMTrainingApp-MVVMTrainingAppUITests.release.xcconfig */ = {isa = PBXFileReference; includeInIndex = 1; lastKnownFileType = text.xcconfig; name = "Pods-MVVMTrainingApp-MVVMTrainingAppUITests.release.xcconfig"; path = "Target Support Files/Pods-MVVMTrainingApp-MVVMTrainingAppUITests/Pods-MVVMTrainingApp-MVVMTrainingAppUITests.release.xcconfig"; sourceTree = "<group>"; };
		F07073D06B733B6B45D4D2CE /* Pods-MVVMTrainingAppTests.release.xcconfig */ = {isa = PBXFileReference; includeInIndex = 1; lastKnownFileType = text.xcconfig; name = "Pods-MVVMTrainingAppTests.release.xcconfig"; path = "Target Support Files/Pods-MVVMTrainingAppTests/Pods-MVVMTrainingAppTests.release.xcconfig"; sourceTree = "<group>"; };
		FB4827FB7736C9AC9EB0CDB6 /* Pods-MVVMTrainingApp.release.xcconfig */ = {isa = PBXFileReference; includeInIndex = 1; lastKnownFileType = text.xcconfig; name = "Pods-MVVMTrainingApp.release.xcconfig"; path = "Target Support Files/Pods-MVVMTrainingApp/Pods-MVVMTrainingApp.release.xcconfig"; sourceTree = "<group>"; };
/* End PBXFileReference section */

/* Begin PBXFrameworksBuildPhase section */
		1859DE8C27E0776500597F1E /* Frameworks */ = {
			isa = PBXFrameworksBuildPhase;
			buildActionMask = 2147483647;
			files = (
				ACFA0CF381B56B59E3EE1A81 /* Pods_MVVMTrainingApp.framework in Frameworks */,
			);
			runOnlyForDeploymentPostprocessing = 0;
		};
		1859DEA227E0776D00597F1E /* Frameworks */ = {
			isa = PBXFrameworksBuildPhase;
			buildActionMask = 2147483647;
			files = (
				CFD1363DFD1F57873A601460 /* Pods_MVVMTrainingAppTests.framework in Frameworks */,
			);
			runOnlyForDeploymentPostprocessing = 0;
		};
		1859DEAC27E0776D00597F1E /* Frameworks */ = {
			isa = PBXFrameworksBuildPhase;
			buildActionMask = 2147483647;
			files = (
				4014DF77597954E4C59391E5 /* Pods_MVVMTrainingApp_MVVMTrainingAppUITests.framework in Frameworks */,
			);
			runOnlyForDeploymentPostprocessing = 0;
		};
/* End PBXFrameworksBuildPhase section */

/* Begin PBXGroup section */
		02D997A194E68A8624CA84AB /* Frameworks */ = {
			isa = PBXGroup;
			children = (
				3444253646FEFA2526AED647 /* Pods_MVVMTrainingApp.framework */,
				4BE6056757DE90B4795A634F /* Pods_MVVMTrainingApp_MVVMTrainingAppUITests.framework */,
				667025858FD874CE0FCB03D3 /* Pods_MVVMTrainingAppTests.framework */,
			);
			name = Frameworks;
			sourceTree = "<group>";
		};
		1859DE8627E0776500597F1E = {
			isa = PBXGroup;
			children = (
				1859DE9127E0776600597F1E /* MVVMTrainingApp */,
				1859DEA827E0776D00597F1E /* MVVMTrainingAppTests */,
				1859DEB227E0776D00597F1E /* MVVMTrainingAppUITests */,
				1859DE9027E0776600597F1E /* Products */,
				628054A80BA8AA91550F4269 /* Pods */,
				02D997A194E68A8624CA84AB /* Frameworks */,
			);
			sourceTree = "<group>";
		};
		1859DE9027E0776600597F1E /* Products */ = {
			isa = PBXGroup;
			children = (
				1859DE8F27E0776600597F1E /* MVVMTrainingApp.app */,
				1859DEA527E0776D00597F1E /* MVVMTrainingAppTests.xctest */,
				1859DEAF27E0776D00597F1E /* MVVMTrainingAppUITests.xctest */,
			);
			name = Products;
			sourceTree = "<group>";
		};
		1859DE9127E0776600597F1E /* MVVMTrainingApp */ = {
			isa = PBXGroup;
			children = (
				1859DE9227E0776600597F1E /* AppDelegate.swift */,
				1859DE9427E0776600597F1E /* SceneDelegate.swift */,
				1859DE9B27E0776C00597F1E /* Assets.xcassets */,
				1859DE9D27E0776C00597F1E /* LaunchScreen.storyboard */,
				1859DEA027E0776C00597F1E /* Info.plist */,
				1859DEC227E084A600597F1E /* MVVM */,
			);
			path = MVVMTrainingApp;
			sourceTree = "<group>";
		};
		1859DEA827E0776D00597F1E /* MVVMTrainingAppTests */ = {
			isa = PBXGroup;
			children = (
				1859DEA927E0776D00597F1E /* MVVMTrainingAppTests.swift */,
			);
			path = MVVMTrainingAppTests;
			sourceTree = "<group>";
		};
		1859DEB227E0776D00597F1E /* MVVMTrainingAppUITests */ = {
			isa = PBXGroup;
			children = (
				1859DEB327E0776D00597F1E /* MVVMTrainingAppUITests.swift */,
				1859DEB527E0776D00597F1E /* MVVMTrainingAppUITestsLaunchTests.swift */,
			);
			path = MVVMTrainingAppUITests;
			sourceTree = "<group>";
		};
		1859DEC227E084A600597F1E /* MVVM */ = {
			isa = PBXGroup;
			children = (
				1859DEC627E084E600597F1E /* Controller */,
				1859DEC527E084D500597F1E /* ViewModel */,
				1859DEC427E084C900597F1E /* View */,
				1859DEC327E084BC00597F1E /* Model */,
			);
			path = MVVM;
			sourceTree = "<group>";
		};
		1859DEC327E084BC00597F1E /* Model */ = {
			isa = PBXGroup;
			children = (
				1859DEC727E0852D00597F1E /* DataModel.swift */,
			);
			path = Model;
			sourceTree = "<group>";
		};
		1859DEC427E084C900597F1E /* View */ = {
			isa = PBXGroup;
			children = (
				1859DE9827E0776600597F1E /* Main.storyboard */,
			);
			path = View;
			sourceTree = "<group>";
		};
		1859DEC527E084D500597F1E /* ViewModel */ = {
			isa = PBXGroup;
			children = (
				1859DEC927E0853C00597F1E /* DataLoader.swift */,
			);
			path = ViewModel;
			sourceTree = "<group>";
		};
		1859DEC627E084E600597F1E /* Controller */ = {
			isa = PBXGroup;
			children = (
				1859DE9627E0776600597F1E /* ViewController.swift */,
			);
			path = Controller;
			sourceTree = "<group>";
		};
		628054A80BA8AA91550F4269 /* Pods */ = {
			isa = PBXGroup;
			children = (
				5352D24176431DEC2CCD1B38 /* Pods-MVVMTrainingApp.debug.xcconfig */,
				FB4827FB7736C9AC9EB0CDB6 /* Pods-MVVMTrainingApp.release.xcconfig */,
				089267C6ACBA5A44D1CD4D83 /* Pods-MVVMTrainingApp-MVVMTrainingAppUITests.debug.xcconfig */,
				7CAE371F33E24FEEBC07E1D3 /* Pods-MVVMTrainingApp-MVVMTrainingAppUITests.release.xcconfig */,
				6A51A2371272AA84AE2CC3C6 /* Pods-MVVMTrainingAppTests.debug.xcconfig */,
				F07073D06B733B6B45D4D2CE /* Pods-MVVMTrainingAppTests.release.xcconfig */,
			);
			path = Pods;
			sourceTree = "<group>";
		};
/* End PBXGroup section */

/* Begin PBXNativeTarget section */
		1859DE8E27E0776500597F1E /* MVVMTrainingApp */ = {
			isa = PBXNativeTarget;
			buildConfigurationList = 1859DEB927E0776D00597F1E /* Build configuration list for PBXNativeTarget "MVVMTrainingApp" */;
			buildPhases = (
				71B97EACE159D26D4BAC0BDA /* [CP] Check Pods Manifest.lock */,
				1859DE8B27E0776500597F1E /* Sources */,
				1859DE8C27E0776500597F1E /* Frameworks */,
				1859DE8D27E0776500597F1E /* Resources */,
				B5165DB1A3A139F2E315AE0B /* [CP] Embed Pods Frameworks */,
			);
			buildRules = (
			);
			dependencies = (
			);
			name = MVVMTrainingApp;
			productName = MVVMTrainingApp;
			productReference = 1859DE8F27E0776600597F1E /* MVVMTrainingApp.app */;
			productType = "com.apple.product-type.application";
		};
		1859DEA427E0776D00597F1E /* MVVMTrainingAppTests */ = {
			isa = PBXNativeTarget;
			buildConfigurationList = 1859DEBC27E0776D00597F1E /* Build configuration list for PBXNativeTarget "MVVMTrainingAppTests" */;
			buildPhases = (
				95B9BC0F38D14D0133277093 /* [CP] Check Pods Manifest.lock */,
				1859DEA127E0776D00597F1E /* Sources */,
				1859DEA227E0776D00597F1E /* Frameworks */,
				1859DEA327E0776D00597F1E /* Resources */,
			);
			buildRules = (
			);
			dependencies = (
				1859DEA727E0776D00597F1E /* PBXTargetDependency */,
			);
			name = MVVMTrainingAppTests;
			productName = MVVMTrainingAppTests;
			productReference = 1859DEA527E0776D00597F1E /* MVVMTrainingAppTests.xctest */;
			productType = "com.apple.product-type.bundle.unit-test";
		};
		1859DEAE27E0776D00597F1E /* MVVMTrainingAppUITests */ = {
			isa = PBXNativeTarget;
			buildConfigurationList = 1859DEBF27E0776D00597F1E /* Build configuration list for PBXNativeTarget "MVVMTrainingAppUITests" */;
			buildPhases = (
				72F487DC6EB1496690499D85 /* [CP] Check Pods Manifest.lock */,
				1859DEAB27E0776D00597F1E /* Sources */,
				1859DEAC27E0776D00597F1E /* Frameworks */,
				1859DEAD27E0776D00597F1E /* Resources */,
				ACFE9CB38CF01D6492FAE3DB /* [CP] Embed Pods Frameworks */,
			);
			buildRules = (
			);
			dependencies = (
				1859DEB127E0776D00597F1E /* PBXTargetDependency */,
			);
			name = MVVMTrainingAppUITests;
			productName = MVVMTrainingAppUITests;
			productReference = 1859DEAF27E0776D00597F1E /* MVVMTrainingAppUITests.xctest */;
			productType = "com.apple.product-type.bundle.ui-testing";
		};
/* End PBXNativeTarget section */

/* Begin PBXProject section */
		1859DE8727E0776500597F1E /* Project object */ = {
			isa = PBXProject;
			attributes = {
				BuildIndependentTargetsInParallel = 1;
				LastSwiftUpdateCheck = 1300;
				LastUpgradeCheck = 1300;
				TargetAttributes = {
					1859DE8E27E0776500597F1E = {
						CreatedOnToolsVersion = 13.0;
					};
					1859DEA427E0776D00597F1E = {
						CreatedOnToolsVersion = 13.0;
						TestTargetID = 1859DE8E27E0776500597F1E;
					};
					1859DEAE27E0776D00597F1E = {
						CreatedOnToolsVersion = 13.0;
						TestTargetID = 1859DE8E27E0776500597F1E;
					};
				};
			};
			buildConfigurationList = 1859DE8A27E0776500597F1E /* Build configuration list for PBXProject "MVVMTrainingApp" */;
			compatibilityVersion = "Xcode 13.0";
			developmentRegion = en;
			hasScannedForEncodings = 0;
			knownRegions = (
				en,
				Base,
			);
			mainGroup = 1859DE8627E0776500597F1E;
			productRefGroup = 1859DE9027E0776600597F1E /* Products */;
			projectDirPath = "";
			projectRoot = "";
			targets = (
				1859DE8E27E0776500597F1E /* MVVMTrainingApp */,
				1859DEA427E0776D00597F1E /* MVVMTrainingAppTests */,
				1859DEAE27E0776D00597F1E /* MVVMTrainingAppUITests */,
			);
		};
/* End PBXProject section */

/* Begin PBXResourcesBuildPhase section */
		1859DE8D27E0776500597F1E /* Resources */ = {
			isa = PBXResourcesBuildPhase;
			buildActionMask = 2147483647;
			files = (
				1859DE9F27E0776C00597F1E /* LaunchScreen.storyboard in Resources */,
				1859DE9C27E0776C00597F1E /* Assets.xcassets in Resources */,
				1859DE9A27E0776600597F1E /* Main.storyboard in Resources */,
			);
			runOnlyForDeploymentPostprocessing = 0;
		};
		1859DEA327E0776D00597F1E /* Resources */ = {
			isa = PBXResourcesBuildPhase;
			buildActionMask = 2147483647;
			files = (
			);
			runOnlyForDeploymentPostprocessing = 0;
		};
		1859DEAD27E0776D00597F1E /* Resources */ = {
			isa = PBXResourcesBuildPhase;
			buildActionMask = 2147483647;
			files = (
			);
			runOnlyForDeploymentPostprocessing = 0;
		};
/* End PBXResourcesBuildPhase section */

/* Begin PBXShellScriptBuildPhase section */
		71B97EACE159D26D4BAC0BDA /* [CP] Check Pods Manifest.lock */ = {
			isa = PBXShellScriptBuildPhase;
			buildActionMask = 2147483647;
			files = (
			);
			inputFileListPaths = (
			);
			inputPaths = (
				"${PODS_PODFILE_DIR_PATH}/Podfile.lock",
				"${PODS_ROOT}/Manifest.lock",
			);
			name = "[CP] Check Pods Manifest.lock";
			outputFileListPaths = (
			);
			outputPaths = (
				"$(DERIVED_FILE_DIR)/Pods-MVVMTrainingApp-checkManifestLockResult.txt",
			);
			runOnlyForDeploymentPostprocessing = 0;
			shellPath = /bin/sh;
			shellScript = "diff \"${PODS_PODFILE_DIR_PATH}/Podfile.lock\" \"${PODS_ROOT}/Manifest.lock\" > /dev/null\nif [ $? != 0 ] ; then\n    # print error to STDERR\n    echo \"error: The sandbox is not in sync with the Podfile.lock. Run 'pod install' or update your CocoaPods installation.\" >&2\n    exit 1\nfi\n# This output is used by Xcode 'outputs' to avoid re-running this script phase.\necho \"SUCCESS\" > \"${SCRIPT_OUTPUT_FILE_0}\"\n";
			showEnvVarsInLog = 0;
		};
		72F487DC6EB1496690499D85 /* [CP] Check Pods Manifest.lock */ = {
			isa = PBXShellScriptBuildPhase;
			buildActionMask = 2147483647;
			files = (
			);
			inputFileListPaths = (
			);
			inputPaths = (
				"${PODS_PODFILE_DIR_PATH}/Podfile.lock",
				"${PODS_ROOT}/Manifest.lock",
			);
			name = "[CP] Check Pods Manifest.lock";
			outputFileListPaths = (
			);
			outputPaths = (
				"$(DERIVED_FILE_DIR)/Pods-MVVMTrainingApp-MVVMTrainingAppUITests-checkManifestLockResult.txt",
			);
			runOnlyForDeploymentPostprocessing = 0;
			shellPath = /bin/sh;
			shellScript = "diff \"${PODS_PODFILE_DIR_PATH}/Podfile.lock\" \"${PODS_ROOT}/Manifest.lock\" > /dev/null\nif [ $? != 0 ] ; then\n    # print error to STDERR\n    echo \"error: The sandbox is not in sync with the Podfile.lock. Run 'pod install' or update your CocoaPods installation.\" >&2\n    exit 1\nfi\n# This output is used by Xcode 'outputs' to avoid re-running this script phase.\necho \"SUCCESS\" > \"${SCRIPT_OUTPUT_FILE_0}\"\n";
			showEnvVarsInLog = 0;
		};
		95B9BC0F38D14D0133277093 /* [CP] Check Pods Manifest.lock */ = {
			isa = PBXShellScriptBuildPhase;
			buildActionMask = 2147483647;
			files = (
			);
			inputFileListPaths = (
			);
			inputPaths = (
				"${PODS_PODFILE_DIR_PATH}/Podfile.lock",
				"${PODS_ROOT}/Manifest.lock",
			);
			name = "[CP] Check Pods Manifest.lock";
			outputFileListPaths = (
			);
			outputPaths = (
				"$(DERIVED_FILE_DIR)/Pods-MVVMTrainingAppTests-checkManifestLockResult.txt",
			);
			runOnlyForDeploymentPostprocessing = 0;
			shellPath = /bin/sh;
			shellScript = "diff \"${PODS_PODFILE_DIR_PATH}/Podfile.lock\" \"${PODS_ROOT}/Manifest.lock\" > /dev/null\nif [ $? != 0 ] ; then\n    # print error to STDERR\n    echo \"error: The sandbox is not in sync with the Podfile.lock. Run 'pod install' or update your CocoaPods installation.\" >&2\n    exit 1\nfi\n# This output is used by Xcode 'outputs' to avoid re-running this script phase.\necho \"SUCCESS\" > \"${SCRIPT_OUTPUT_FILE_0}\"\n";
			showEnvVarsInLog = 0;
		};
		ACFE9CB38CF01D6492FAE3DB /* [CP] Embed Pods Frameworks */ = {
			isa = PBXShellScriptBuildPhase;
			buildActionMask = 2147483647;
			files = (
			);
			inputFileListPaths = (
				"${PODS_ROOT}/Target Support Files/Pods-MVVMTrainingApp-MVVMTrainingAppUITests/Pods-MVVMTrainingApp-MVVMTrainingAppUITests-frameworks-${CONFIGURATION}-input-files.xcfilelist",
			);
			name = "[CP] Embed Pods Frameworks";
			outputFileListPaths = (
				"${PODS_ROOT}/Target Support Files/Pods-MVVMTrainingApp-MVVMTrainingAppUITests/Pods-MVVMTrainingApp-MVVMTrainingAppUITests-frameworks-${CONFIGURATION}-output-files.xcfilelist",
			);
			runOnlyForDeploymentPostprocessing = 0;
			shellPath = /bin/sh;
			shellScript = "\"${PODS_ROOT}/Target Support Files/Pods-MVVMTrainingApp-MVVMTrainingAppUITests/Pods-MVVMTrainingApp-MVVMTrainingAppUITests-frameworks.sh\"\n";
			showEnvVarsInLog = 0;
		};
		B5165DB1A3A139F2E315AE0B /* [CP] Embed Pods Frameworks */ = {
			isa = PBXShellScriptBuildPhase;
			buildActionMask = 2147483647;
			files = (
			);
			inputFileListPaths = (
				"${PODS_ROOT}/Target Support Files/Pods-MVVMTrainingApp/Pods-MVVMTrainingApp-frameworks-${CONFIGURATION}-input-files.xcfilelist",
			);
			name = "[CP] Embed Pods Frameworks";
			outputFileListPaths = (
				"${PODS_ROOT}/Target Support Files/Pods-MVVMTrainingApp/Pods-MVVMTrainingApp-frameworks-${CONFIGURATION}-output-files.xcfilelist",
			);
			runOnlyForDeploymentPostprocessing = 0;
			shellPath = /bin/sh;
			shellScript = "\"${PODS_ROOT}/Target Support Files/Pods-MVVMTrainingApp/Pods-MVVMTrainingApp-frameworks.sh\"\n";
			showEnvVarsInLog = 0;
		};
/* End PBXShellScriptBuildPhase section */

/* Begin PBXSourcesBuildPhase section */
		1859DE8B27E0776500597F1E /* Sources */ = {
			isa = PBXSourcesBuildPhase;
			buildActionMask = 2147483647;
			files = (
				1859DECA27E0853C00597F1E /* DataLoader.swift in Sources */,
				1859DE9727E0776600597F1E /* ViewController.swift in Sources */,
				1859DEC827E0852D00597F1E /* DataModel.swift in Sources */,
				1859DE9327E0776600597F1E /* AppDelegate.swift in Sources */,
				1859DE9527E0776600597F1E /* SceneDelegate.swift in Sources */,
			);
			runOnlyForDeploymentPostprocessing = 0;
		};
		1859DEA127E0776D00597F1E /* Sources */ = {
			isa = PBXSourcesBuildPhase;
			buildActionMask = 2147483647;
			files = (
				1859DEAA27E0776D00597F1E /* MVVMTrainingAppTests.swift in Sources */,
			);
			runOnlyForDeploymentPostprocessing = 0;
		};
		1859DEAB27E0776D00597F1E /* Sources */ = {
			isa = PBXSourcesBuildPhase;
			buildActionMask = 2147483647;
			files = (
				1859DEB627E0776D00597F1E /* MVVMTrainingAppUITestsLaunchTests.swift in Sources */,
				1859DEB427E0776D00597F1E /* MVVMTrainingAppUITests.swift in Sources */,
			);
			runOnlyForDeploymentPostprocessing = 0;
		};
/* End PBXSourcesBuildPhase section */

/* Begin PBXTargetDependency section */
		1859DEA727E0776D00597F1E /* PBXTargetDependency */ = {
			isa = PBXTargetDependency;
			target = 1859DE8E27E0776500597F1E /* MVVMTrainingApp */;
			targetProxy = 1859DEA627E0776D00597F1E /* PBXContainerItemProxy */;
		};
		1859DEB127E0776D00597F1E /* PBXTargetDependency */ = {
			isa = PBXTargetDependency;
			target = 1859DE8E27E0776500597F1E /* MVVMTrainingApp */;
			targetProxy = 1859DEB027E0776D00597F1E /* PBXContainerItemProxy */;
		};
/* End PBXTargetDependency section */

/* Begin PBXVariantGroup section */
		1859DE9827E0776600597F1E /* Main.storyboard */ = {
			isa = PBXVariantGroup;
			children = (
				1859DE9927E0776600597F1E /* Base */,
			);
			name = Main.storyboard;
			sourceTree = "<group>";
		};
		1859DE9D27E0776C00597F1E /* LaunchScreen.storyboard */ = {
			isa = PBXVariantGroup;
			children = (
				1859DE9E27E0776C00597F1E /* Base */,
			);
			name = LaunchScreen.storyboard;
			sourceTree = "<group>";
		};
/* End PBXVariantGroup section */

/* Begin XCBuildConfiguration section */
		1859DEB727E0776D00597F1E /* Debug */ = {
			isa = XCBuildConfiguration;
			buildSettings = {
				ALWAYS_SEARCH_USER_PATHS = NO;
				CLANG_ANALYZER_NONNULL = YES;
				CLANG_ANALYZER_NUMBER_OBJECT_CONVERSION = YES_AGGRESSIVE;
				CLANG_CXX_LANGUAGE_STANDARD = "gnu++17";
				CLANG_CXX_LIBRARY = "libc++";
				CLANG_ENABLE_MODULES = YES;
				CLANG_ENABLE_OBJC_ARC = YES;
				CLANG_ENABLE_OBJC_WEAK = YES;
				CLANG_WARN_BLOCK_CAPTURE_AUTORELEASING = YES;
				CLANG_WARN_BOOL_CONVERSION = YES;
				CLANG_WARN_COMMA = YES;
				CLANG_WARN_CONSTANT_CONVERSION = YES;
				CLANG_WARN_DEPRECATED_OBJC_IMPLEMENTATIONS = YES;
				CLANG_WARN_DIRECT_OBJC_ISA_USAGE = YES_ERROR;
				CLANG_WARN_DOCUMENTATION_COMMENTS = YES;
				CLANG_WARN_EMPTY_BODY = YES;
				CLANG_WARN_ENUM_CONVERSION = YES;
				CLANG_WARN_INFINITE_RECURSION = YES;
				CLANG_WARN_INT_CONVERSION = YES;
				CLANG_WARN_NON_LITERAL_NULL_CONVERSION = YES;
				CLANG_WARN_OBJC_IMPLICIT_RETAIN_SELF = YES;
				CLANG_WARN_OBJC_LITERAL_CONVERSION = YES;
				CLANG_WARN_OBJC_ROOT_CLASS = YES_ERROR;
				CLANG_WARN_QUOTED_INCLUDE_IN_FRAMEWORK_HEADER = YES;
				CLANG_WARN_RANGE_LOOP_ANALYSIS = YES;
				CLANG_WARN_STRICT_PROTOTYPES = YES;
				CLANG_WARN_SUSPICIOUS_MOVE = YES;
				CLANG_WARN_UNGUARDED_AVAILABILITY = YES_AGGRESSIVE;
				CLANG_WARN_UNREACHABLE_CODE = YES;
				CLANG_WARN__DUPLICATE_METHOD_MATCH = YES;
				COPY_PHASE_STRIP = NO;
				DEBUG_INFORMATION_FORMAT = dwarf;
				ENABLE_STRICT_OBJC_MSGSEND = YES;
				ENABLE_TESTABILITY = YES;
				GCC_C_LANGUAGE_STANDARD = gnu11;
				GCC_DYNAMIC_NO_PIC = NO;
				GCC_NO_COMMON_BLOCKS = YES;
				GCC_OPTIMIZATION_LEVEL = 0;
				GCC_PREPROCESSOR_DEFINITIONS = (
					"DEBUG=1",
					"$(inherited)",
				);
				GCC_WARN_64_TO_32_BIT_CONVERSION = YES;
				GCC_WARN_ABOUT_RETURN_TYPE = YES_ERROR;
				GCC_WARN_UNDECLARED_SELECTOR = YES;
				GCC_WARN_UNINITIALIZED_AUTOS = YES_AGGRESSIVE;
				GCC_WARN_UNUSED_FUNCTION = YES;
				GCC_WARN_UNUSED_VARIABLE = YES;
				IPHONEOS_DEPLOYMENT_TARGET = 15.0;
				MTL_ENABLE_DEBUG_INFO = INCLUDE_SOURCE;
				MTL_FAST_MATH = YES;
				ONLY_ACTIVE_ARCH = YES;
				SDKROOT = iphoneos;
				SWIFT_ACTIVE_COMPILATION_CONDITIONS = DEBUG;
				SWIFT_OPTIMIZATION_LEVEL = "-Onone";
			};
			name = Debug;
		};
		1859DEB827E0776D00597F1E /* Release */ = {
			isa = XCBuildConfiguration;
			buildSettings = {
				ALWAYS_SEARCH_USER_PATHS = NO;
				CLANG_ANALYZER_NONNULL = YES;
				CLANG_ANALYZER_NUMBER_OBJECT_CONVERSION = YES_AGGRESSIVE;
				CLANG_CXX_LANGUAGE_STANDARD = "gnu++17";
				CLANG_CXX_LIBRARY = "libc++";
				CLANG_ENABLE_MODULES = YES;
				CLANG_ENABLE_OBJC_ARC = YES;
				CLANG_ENABLE_OBJC_WEAK = YES;
				CLANG_WARN_BLOCK_CAPTURE_AUTORELEASING = YES;
				CLANG_WARN_BOOL_CONVERSION = YES;
				CLANG_WARN_COMMA = YES;
				CLANG_WARN_CONSTANT_CONVERSION = YES;
				CLANG_WARN_DEPRECATED_OBJC_IMPLEMENTATIONS = YES;
				CLANG_WARN_DIRECT_OBJC_ISA_USAGE = YES_ERROR;
				CLANG_WARN_DOCUMENTATION_COMMENTS = YES;
				CLANG_WARN_EMPTY_BODY = YES;
				CLANG_WARN_ENUM_CONVERSION = YES;
				CLANG_WARN_INFINITE_RECURSION = YES;
				CLANG_WARN_INT_CONVERSION = YES;
				CLANG_WARN_NON_LITERAL_NULL_CONVERSION = YES;
				CLANG_WARN_OBJC_IMPLICIT_RETAIN_SELF = YES;
				CLANG_WARN_OBJC_LITERAL_CONVERSION = YES;
				CLANG_WARN_OBJC_ROOT_CLASS = YES_ERROR;
				CLANG_WARN_QUOTED_INCLUDE_IN_FRAMEWORK_HEADER = YES;
				CLANG_WARN_RANGE_LOOP_ANALYSIS = YES;
				CLANG_WARN_STRICT_PROTOTYPES = YES;
				CLANG_WARN_SUSPICIOUS_MOVE = YES;
				CLANG_WARN_UNGUARDED_AVAILABILITY = YES_AGGRESSIVE;
				CLANG_WARN_UNREACHABLE_CODE = YES;
				CLANG_WARN__DUPLICATE_METHOD_MATCH = YES;
				COPY_PHASE_STRIP = NO;
				DEBUG_INFORMATION_FORMAT = "dwarf-with-dsym";
				ENABLE_NS_ASSERTIONS = NO;
				ENABLE_STRICT_OBJC_MSGSEND = YES;
				GCC_C_LANGUAGE_STANDARD = gnu11;
				GCC_NO_COMMON_BLOCKS = YES;
				GCC_WARN_64_TO_32_BIT_CONVERSION = YES;
				GCC_WARN_ABOUT_RETURN_TYPE = YES_ERROR;
				GCC_WARN_UNDECLARED_SELECTOR = YES;
				GCC_WARN_UNINITIALIZED_AUTOS = YES_AGGRESSIVE;
				GCC_WARN_UNUSED_FUNCTION = YES;
				GCC_WARN_UNUSED_VARIABLE = YES;
				IPHONEOS_DEPLOYMENT_TARGET = 15.0;
				MTL_ENABLE_DEBUG_INFO = NO;
				MTL_FAST_MATH = YES;
				SDKROOT = iphoneos;
				SWIFT_COMPILATION_MODE = wholemodule;
				SWIFT_OPTIMIZATION_LEVEL = "-O";
				VALIDATE_PRODUCT = YES;
			};
			name = Release;
		};
		1859DEBA27E0776D00597F1E /* Debug */ = {
			isa = XCBuildConfiguration;
			baseConfigurationReference = 5352D24176431DEC2CCD1B38 /* Pods-MVVMTrainingApp.debug.xcconfig */;
			buildSettings = {
				ASSETCATALOG_COMPILER_APPICON_NAME = AppIcon;
				ASSETCATALOG_COMPILER_GLOBAL_ACCENT_COLOR_NAME = AccentColor;
				CODE_SIGN_STYLE = Automatic;
				CURRENT_PROJECT_VERSION = 1;
				DEVELOPMENT_TEAM = AG5Y695WLP;
				GENERATE_INFOPLIST_FILE = YES;
				INFOPLIST_FILE = MVVMTrainingApp/Info.plist;
				INFOPLIST_KEY_UIApplicationSupportsIndirectInputEvents = YES;
				INFOPLIST_KEY_UILaunchStoryboardName = LaunchScreen;
				INFOPLIST_KEY_UIMainStoryboardFile = Main;
				INFOPLIST_KEY_UISupportedInterfaceOrientations_iPad = "UIInterfaceOrientationPortrait UIInterfaceOrientationPortraitUpsideDown UIInterfaceOrientationLandscapeLeft UIInterfaceOrientationLandscapeRight";
				INFOPLIST_KEY_UISupportedInterfaceOrientations_iPhone = "UIInterfaceOrientationPortrait UIInterfaceOrientationLandscapeLeft UIInterfaceOrientationLandscapeRight";
				LD_RUNPATH_SEARCH_PATHS = (
					"$(inherited)",
					"@executable_path/Frameworks",
				);
				MARKETING_VERSION = 1.0;
				PRODUCT_BUNDLE_IDENTIFIER = test.MVVMTrainingApp;
				PRODUCT_NAME = "$(TARGET_NAME)";
				SWIFT_EMIT_LOC_STRINGS = YES;
				SWIFT_VERSION = 5.0;
				TARGETED_DEVICE_FAMILY = "1,2";
			};
			name = Debug;
		};
		1859DEBB27E0776D00597F1E /* Release */ = {
			isa = XCBuildConfiguration;
			baseConfigurationReference = FB4827FB7736C9AC9EB0CDB6 /* Pods-MVVMTrainingApp.release.xcconfig */;
			buildSettings = {
				ASSETCATALOG_COMPILER_APPICON_NAME = AppIcon;
				ASSETCATALOG_COMPILER_GLOBAL_ACCENT_COLOR_NAME = AccentColor;
				CODE_SIGN_STYLE = Automatic;
				CURRENT_PROJECT_VERSION = 1;
				DEVELOPMENT_TEAM = AG5Y695WLP;
				GENERATE_INFOPLIST_FILE = YES;
				INFOPLIST_FILE = MVVMTrainingApp/Info.plist;
				INFOPLIST_KEY_UIApplicationSupportsIndirectInputEvents = YES;
				INFOPLIST_KEY_UILaunchStoryboardName = LaunchScreen;
				INFOPLIST_KEY_UIMainStoryboardFile = Main;
				INFOPLIST_KEY_UISupportedInterfaceOrientations_iPad = "UIInterfaceOrientationPortrait UIInterfaceOrientationPortraitUpsideDown UIInterfaceOrientationLandscapeLeft UIInterfaceOrientationLandscapeRight";
				INFOPLIST_KEY_UISupportedInterfaceOrientations_iPhone = "UIInterfaceOrientationPortrait UIInterfaceOrientationLandscapeLeft UIInterfaceOrientationLandscapeRight";
				LD_RUNPATH_SEARCH_PATHS = (
					"$(inherited)",
					"@executable_path/Frameworks",
				);
				MARKETING_VERSION = 1.0;
				PRODUCT_BUNDLE_IDENTIFIER = test.MVVMTrainingApp;
				PRODUCT_NAME = "$(TARGET_NAME)";
				SWIFT_EMIT_LOC_STRINGS = YES;
				SWIFT_VERSION = 5.0;
				TARGETED_DEVICE_FAMILY = "1,2";
			};
			name = Release;
		};
		1859DEBD27E0776D00597F1E /* Debug */ = {
			isa = XCBuildConfiguration;
			baseConfigurationReference = 6A51A2371272AA84AE2CC3C6 /* Pods-MVVMTrainingAppTests.debug.xcconfig */;
			buildSettings = {
				ALWAYS_EMBED_SWIFT_STANDARD_LIBRARIES = YES;
				BUNDLE_LOADER = "$(TEST_HOST)";
				CODE_SIGN_STYLE = Automatic;
				CURRENT_PROJECT_VERSION = 1;
				DEVELOPMENT_TEAM = AG5Y695WLP;
				GENERATE_INFOPLIST_FILE = YES;
				IPHONEOS_DEPLOYMENT_TARGET = 15.0;
				LD_RUNPATH_SEARCH_PATHS = (
					"$(inherited)",
					"@executable_path/Frameworks",
					"@loader_path/Frameworks",
				);
				MARKETING_VERSION = 1.0;
				PRODUCT_BUNDLE_IDENTIFIER = test.MVVMTrainingAppTests;
				PRODUCT_NAME = "$(TARGET_NAME)";
				SWIFT_EMIT_LOC_STRINGS = NO;
				SWIFT_VERSION = 5.0;
				TARGETED_DEVICE_FAMILY = "1,2";
				TEST_HOST = "$(BUILT_PRODUCTS_DIR)/MVVMTrainingApp.app/MVVMTrainingApp";
			};
			name = Debug;
		};
		1859DEBE27E0776D00597F1E /* Release */ = {
			isa = XCBuildConfiguration;
			baseConfigurationReference = F07073D06B733B6B45D4D2CE /* Pods-MVVMTrainingAppTests.release.xcconfig */;
			buildSettings = {
				ALWAYS_EMBED_SWIFT_STANDARD_LIBRARIES = YES;
				BUNDLE_LOADER = "$(TEST_HOST)";
				CODE_SIGN_STYLE = Automatic;
				CURRENT_PROJECT_VERSION = 1;
				DEVELOPMENT_TEAM = AG5Y695WLP;
				GENERATE_INFOPLIST_FILE = YES;
				IPHONEOS_DEPLOYMENT_TARGET = 15.0;
				LD_RUNPATH_SEARCH_PATHS = (
					"$(inherited)",
					"@executable_path/Frameworks",
					"@loader_path/Frameworks",
				);
				MARKETING_VERSION = 1.0;
				PRODUCT_BUNDLE_IDENTIFIER = test.MVVMTrainingAppTests;
				PRODUCT_NAME = "$(TARGET_NAME)";
				SWIFT_EMIT_LOC_STRINGS = NO;
				SWIFT_VERSION = 5.0;
				TARGETED_DEVICE_FAMILY = "1,2";
				TEST_HOST = "$(BUILT_PRODUCTS_DIR)/MVVMTrainingApp.app/MVVMTrainingApp";
			};
			name = Release;
		};
		1859DEC027E0776D00597F1E /* Debug */ = {
			isa = XCBuildConfiguration;
			baseConfigurationReference = 089267C6ACBA5A44D1CD4D83 /* Pods-MVVMTrainingApp-MVVMTrainingAppUITests.debug.xcconfig */;
			buildSettings = {
				ALWAYS_EMBED_SWIFT_STANDARD_LIBRARIES = YES;
				CODE_SIGN_STYLE = Automatic;
				CURRENT_PROJECT_VERSION = 1;
				DEVELOPMENT_TEAM = AG5Y695WLP;
				GENERATE_INFOPLIST_FILE = YES;
				LD_RUNPATH_SEARCH_PATHS = (
					"$(inherited)",
					"@executable_path/Frameworks",
					"@loader_path/Frameworks",
				);
				MARKETING_VERSION = 1.0;
				PRODUCT_BUNDLE_IDENTIFIER = test.MVVMTrainingAppUITests;
				PRODUCT_NAME = "$(TARGET_NAME)";
				SWIFT_EMIT_LOC_STRINGS = NO;
				SWIFT_VERSION = 5.0;
				TARGETED_DEVICE_FAMILY = "1,2";
				TEST_TARGET_NAME = MVVMTrainingApp;
			};
			name = Debug;
		};
		1859DEC127E0776D00597F1E /* Release */ = {
			isa = XCBuildConfiguration;
			baseConfigurationReference = 7CAE371F33E24FEEBC07E1D3 /* Pods-MVVMTrainingApp-MVVMTrainingAppUITests.release.xcconfig */;
			buildSettings = {
				ALWAYS_EMBED_SWIFT_STANDARD_LIBRARIES = YES;
				CODE_SIGN_STYLE = Automatic;
				CURRENT_PROJECT_VERSION = 1;
				DEVELOPMENT_TEAM = AG5Y695WLP;
				GENERATE_INFOPLIST_FILE = YES;
				LD_RUNPATH_SEARCH_PATHS = (
					"$(inherited)",
					"@executable_path/Frameworks",
					"@loader_path/Frameworks",
				);
				MARKETING_VERSION = 1.0;
				PRODUCT_BUNDLE_IDENTIFIER = test.MVVMTrainingAppUITests;
				PRODUCT_NAME = "$(TARGET_NAME)";
				SWIFT_EMIT_LOC_STRINGS = NO;
				SWIFT_VERSION = 5.0;
				TARGETED_DEVICE_FAMILY = "1,2";
				TEST_TARGET_NAME = MVVMTrainingApp;
			};
			name = Release;
		};
/* End XCBuildConfiguration section */

/* Begin XCConfigurationList section */
		1859DE8A27E0776500597F1E /* Build configuration list for PBXProject "MVVMTrainingApp" */ = {
			isa = XCConfigurationList;
			buildConfigurations = (
				1859DEB727E0776D00597F1E /* Debug */,
				1859DEB827E0776D00597F1E /* Release */,
			);
			defaultConfigurationIsVisible = 0;
			defaultConfigurationName = Release;
		};
		1859DEB927E0776D00597F1E /* Build configuration list for PBXNativeTarget "MVVMTrainingApp" */ = {
			isa = XCConfigurationList;
			buildConfigurations = (
				1859DEBA27E0776D00597F1E /* Debug */,
				1859DEBB27E0776D00597F1E /* Release */,
			);
			defaultConfigurationIsVisible = 0;
			defaultConfigurationName = Release;
		};
		1859DEBC27E0776D00597F1E /* Build configuration list for PBXNativeTarget "MVVMTrainingAppTests" */ = {
			isa = XCConfigurationList;
			buildConfigurations = (
				1859DEBD27E0776D00597F1E /* Debug */,
				1859DEBE27E0776D00597F1E /* Release */,
			);
			defaultConfigurationIsVisible = 0;
			defaultConfigurationName = Release;
		};
		1859DEBF27E0776D00597F1E /* Build configuration list for PBXNativeTarget "MVVMTrainingAppUITests" */ = {
			isa = XCConfigurationList;
			buildConfigurations = (
				1859DEC027E0776D00597F1E /* Debug */,
				1859DEC127E0776D00597F1E /* Release */,
			);
			defaultConfigurationIsVisible = 0;
			defaultConfigurationName = Release;
		};
/* End XCConfigurationList section */
	};
	rootObject = 1859DE8727E0776500597F1E /* Project object */;
}
